github.com/farsightsec/golang-framestream v0.3.0 h1:/spFQHucTle/ZIPkYqrfshQqPe2VQEzesH243TjIwqA=
github.com/farsightsec/golang-framestream v0.3.0/go.mod h1:eNde4IQyEiA5br02AouhEHCu3p3UzrCdFR4LuQHklMI=
github.com/jkassis/golang-framestream v0.0.0-20201201145920-b6862efda285 h1:WE86CiFM4V8LVo2qiN5Kqqcort72OxeEM+kIKDXgqx8=
github.com/jkassis/golang-framestream v0.0.0-20201201145920-b6862efda285/go.mod h1:VTd6NzkXLD0BlyIWMCLJb+45VNf/rQfVK1awApC1W6s=
